
Microsoft Visual Studio Solution File, Format Version 12.00
# Visual Studio Version 16
VisualStudioVersion = 16.0.31424.327
MinimumVisualStudioVersion = 10.0.40219.1
Project("{FAE04EC0-301F-11D3-BF4B-00C04F79EFBC}") = "Ado", "Ado\Ado.csproj", "{573A9C44-AFD6-45E2-8E67-1559ED835218}"
EndProject
Project("{FAE04EC0-301F-11D3-BF4B-00C04F79EFBC}") = "Concessionario", "Concessionario\Concessionario.csproj", "{0F7E9349-ED24-4AA7-A962-DE924B6D5B37}"
EndProject
Global
	GlobalSection(SolutionConfigurationPlatforms) = preSolution
		Debug|Any CPU = Debug|Any CPU
		Release|Any CPU = Release|Any CPU
	EndGlobalSection
	GlobalSection(ProjectConfigurationPlatforms) = postSolution
		{573A9C44-AFD6-45E2-8E67-1559ED835218}.Debug|Any CPU.ActiveCfg = Debug|Any CPU
		{573A9C44-AFD6-45E2-8E67-1559ED835218}.Debug|Any CPU.Build.0 = Debug|Any CPU
		{573A9C44-AFD6-45E2-8E67-1559ED835218}.Release|Any CPU.ActiveCfg = Release|Any CPU
		{573A9C44-AFD6-45E2-8E67-1559ED835218}.Release|Any CPU.Build.0 = Release|Any CPU
		{0F7E9349-ED24-4AA7-A962-DE924B6D5B37}.Debug|Any CPU.ActiveCfg = Debug|Any CPU
		{0F7E9349-ED24-4AA7-A962-DE924B6D5B37}.Debug|Any CPU.Build.0 = Debug|Any CPU
		{0F7E9349-ED24-4AA7-A962-DE924B6D5B37}.Release|Any CPU.ActiveCfg = Release|Any CPU
		{0F7E9349-ED24-4AA7-A962-DE924B6D5B37}.Release|Any CPU.Build.0 = Release|Any CPU
	EndGlobalSection
	GlobalSection(SolutionProperties) = preSolution
		HideSolutionNode = FALSE
	EndGlobalSection
	GlobalSection(ExtensibilityGlobals) = postSolution
		SolutionGuid = {74E934F1-998F-400F-B2DE-4AAAEA5F35B8}
	EndGlobalSection
EndGlobal
